// !$*UTF8*$!
{
	archiveVersion = 1;
	classes = {
	};
	objectVersion = 46;
	objects = {

/* Begin PBXBuildFile section */
		A88637FD1ACDD93200960D84 /* main.m in Sources */ = {isa = PBXBuildFile; fileRef = A88637FC1ACDD93200960D84 /* main.m */; };
		A88638001ACDD93200960D84 /* AppDelegate.m in Sources */ = {isa = PBXBuildFile; fileRef = A88637FF1ACDD93200960D84 /* AppDelegate.m */; };
		A88638031ACDD93200960D84 /* ViewController.m in Sources */ = {isa = PBXBuildFile; fileRef = A88638021ACDD93200960D84 /* ViewController.m */; };
		A88638061ACDD93200960D84 /* Main.storyboard in Resources */ = {isa = PBXBuildFile; fileRef = A88638041ACDD93200960D84 /* Main.storyboard */; };
		A88638081ACDD93200960D84 /* Images.xcassets in Resources */ = {isa = PBXBuildFile; fileRef = A88638071ACDD93200960D84 /* Images.xcassets */; };
		A886380B1ACDD93200960D84 /* LaunchScreen.xib in Resources */ = {isa = PBXBuildFile; fileRef = A88638091ACDD93200960D84 /* LaunchScreen.xib */; };
		A88638171ACDD93200960D84 /* VenueMenueTests.m in Sources */ = {isa = PBXBuildFile; fileRef = A88638161ACDD93200960D84 /* VenueMenueTests.m */; };
/* End PBXBuildFile section */

/* Begin PBXContainerItemProxy section */
		A88638111ACDD93200960D84 /* PBXContainerItemProxy */ = {
			isa = PBXContainerItemProxy;
			containerPortal = A88637EF1ACDD93200960D84 /* Project object */;
			proxyType = 1;
			remoteGlobalIDString = A88637F61ACDD93200960D84;
			remoteInfo = VenueMenue;
		};
/* End PBXContainerItemProxy section */

/* Begin PBXFileReference section */
		A88637F71ACDD93200960D84 /* VenueMenue.app */ = {isa = PBXFileReference; explicitFileType = wrapper.application; includeInIndex = 0; path = VenueMenue.app; sourceTree = BUILT_PRODUCTS_DIR; };
		A88637FB1ACDD93200960D84 /* Info.plist */ = {isa = PBXFileReference; lastKnownFileType = text.plist.xml; path = Info.plist; sourceTree = "<group>"; };
		A88637FC1ACDD93200960D84 /* main.m */ = {isa = PBXFileReference; lastKnownFileType = sourcecode.c.objc; path = main.m; sourceTree = "<group>"; };
		A88637FE1ACDD93200960D84 /* AppDelegate.h */ = {isa = PBXFileReference; lastKnownFileType = sourcecode.c.h; path = AppDelegate.h; sourceTree = "<group>"; };
		A88637FF1ACDD93200960D84 /* AppDelegate.m */ = {isa = PBXFileReference; lastKnownFileType = sourcecode.c.objc; path = AppDelegate.m; sourceTree = "<group>"; };
		A88638011ACDD93200960D84 /* ViewController.h */ = {isa = PBXFileReference; lastKnownFileType = sourcecode.c.h; path = ViewController.h; sourceTree = "<group>"; };
		A88638021ACDD93200960D84 /* ViewController.m */ = {isa = PBXFileReference; lastKnownFileType = sourcecode.c.objc; path = ViewController.m; sourceTree = "<group>"; };
		A88638051ACDD93200960D84 /* Base */ = {isa = PBXFileReference; lastKnownFileType = file.storyboard; name = Base; path = Base.lproj/Main.storyboard; sourceTree = "<group>"; };
		A88638071ACDD93200960D84 /* Images.xcassets */ = {isa = PBXFileReference; lastKnownFileType = folder.assetcatalog; path = Images.xcassets; sourceTree = "<group>"; };
		A886380A1ACDD93200960D84 /* Base */ = {isa = PBXFileReference; lastKnownFileType = file.xib; name = Base; path = Base.lproj/LaunchScreen.xib; sourceTree = "<group>"; };
		A88638101ACDD93200960D84 /* VenueMenueTests.xctest */ = {isa = PBXFileReference; explicitFileType = wrapper.cfbundle; includeInIndex = 0; path = VenueMenueTests.xctest; sourceTree = BUILT_PRODUCTS_DIR; };
		A88638151ACDD93200960D84 /* Info.plist */ = {isa = PBXFileReference; lastKnownFileType = text.plist.xml; path = Info.plist; sourceTree = "<group>"; };
		A88638161ACDD93200960D84 /* VenueMenueTests.m */ = {isa = PBXFileReference; lastKnownFileType = sourcecode.c.objc; path = VenueMenueTests.m; sourceTree = "<group>"; };
/* End PBXFileReference section */

/* Begin PBXFrameworksBuildPhase section */
		A88637F41ACDD93200960D84 /* Frameworks */ = {
			isa = PBXFrameworksBuildPhase;
			buildActionMask = 2147483647;
			files = (
			);
			runOnlyForDeploymentPostprocessing = 0;
		};
		A886380D1ACDD93200960D84 /* Frameworks */ = {
			isa = PBXFrameworksBuildPhase;
			buildActionMask = 2147483647;
			files = (
			);
			runOnlyForDeploymentPostprocessing = 0;
		};
/* End PBXFrameworksBuildPhase section */

/* Begin PBXGroup section */
		A88637EE1ACDD93200960D84 = {
			isa = PBXGroup;
			children = (
				A88637F91ACDD93200960D84 /* VenueMenue */,
				A88638131ACDD93200960D84 /* VenueMenueTests */,
				A88637F81ACDD93200960D84 /* Products */,
			);
			sourceTree = "<group>";
		};
		A88637F81ACDD93200960D84 /* Products */ = {
			isa = PBXGroup;
			children = (
				A88637F71ACDD93200960D84 /* VenueMenue.app */,
				A88638101ACDD93200960D84 /* VenueMenueTests.xctest */,
			);
			name = Products;
			sourceTree = "<group>";
		};
		A88637F91ACDD93200960D84 /* VenueMenue */ = {
			isa = PBXGroup;
			children = (
				A88637FE1ACDD93200960D84 /* AppDelegate.h */,
				A88637FF1ACDD93200960D84 /* AppDelegate.m */,
				A88638011ACDD93200960D84 /* ViewController.h */,
				A88638021ACDD93200960D84 /* ViewController.m */,
				A88638041ACDD93200960D84 /* Main.storyboard */,
				A88638071ACDD93200960D84 /* Images.xcassets */,
				A88638091ACDD93200960D84 /* LaunchScreen.xib */,
				A88637FA1ACDD93200960D84 /* Supporting Files */,
			);
			path = VenueMenue;
			sourceTree = "<group>";
		};
		A88637FA1ACDD93200960D84 /* Supporting Files */ = {
			isa = PBXGroup;
			children = (
				A88637FB1ACDD93200960D84 /* Info.plist */,
				A88637FC1ACDD93200960D84 /* main.m */,
			);
			name = "Supporting Files";
			sourceTree = "<group>";
		};
		A88638131ACDD93200960D84 /* VenueMenueTests */ = {
			isa = PBXGroup;
			children = (
				A88638161ACDD93200960D84 /* VenueMenueTests.m */,
				A88638141ACDD93200960D84 /* Supporting Files */,
			);
			path = VenueMenueTests;
			sourceTree = "<group>";
		};
		A88638141ACDD93200960D84 /* Supporting Files */ = {
			isa = PBXGroup;
			children = (
				A88638151ACDD93200960D84 /* Info.plist */,
			);
			name = "Supporting Files";
			sourceTree = "<group>";
		};
/* End PBXGroup section */

/* Begin PBXNativeTarget section */
		A88637F61ACDD93200960D84 /* VenueMenue */ = {
			isa = PBXNativeTarget;
			buildConfigurationList = A886381A1ACDD93200960D84 /* Build configuration list for PBXNativeTarget "VenueMenue" */;
			buildPhases = (
				A88637F31ACDD93200960D84 /* Sources */,
				A88637F41ACDD93200960D84 /* Frameworks */,
				A88637F51ACDD93200960D84 /* Resources */,
			);
			buildRules = (
			);
			dependencies = (
			);
			name = VenueMenue;
			productName = VenueMenue;
			productReference = A88637F71ACDD93200960D84 /* VenueMenue.app */;
			productType = "com.apple.product-type.application";
		};
		A886380F1ACDD93200960D84 /* VenueMenueTests */ = {
			isa = PBXNativeTarget;
			buildConfigurationList = A886381D1ACDD93200960D84 /* Build configuration list for PBXNativeTarget "VenueMenueTests" */;
			buildPhases = (
				A886380C1ACDD93200960D84 /* Sources */,
				A886380D1ACDD93200960D84 /* Frameworks */,
				A886380E1ACDD93200960D84 /* Resources */,
			);
			buildRules = (
			);
			dependencies = (
				A88638121ACDD93200960D84 /* PBXTargetDependency */,
			);
			name = VenueMenueTests;
			productName = VenueMenueTests;
			productReference = A88638101ACDD93200960D84 /* VenueMenueTests.xctest */;
			productType = "com.apple.product-type.bundle.unit-test";
		};
/* End PBXNativeTarget section */

/* Begin PBXProject section */
		A88637EF1ACDD93200960D84 /* Project object */ = {
			isa = PBXProject;
			attributes = {
				LastUpgradeCheck = 0620;
				ORGANIZATIONNAME = "The Iron Yard";
				TargetAttributes = {
					A88637F61ACDD93200960D84 = {
						CreatedOnToolsVersion = 6.2;
					};
					A886380F1ACDD93200960D84 = {
						CreatedOnToolsVersion = 6.2;
						TestTargetID = A88637F61ACDD93200960D84;
					};
				};
			};
			buildConfigurationList = A88637F21ACDD93200960D84 /* Build configuration list for PBXProject "VenueMenue" */;
			compatibilityVersion = "Xcode 3.2";
			developmentRegion = English;
			hasScannedForEncodings = 0;
			knownRegions = (
				en,
				Base,
			);
			mainGroup = A88637EE1ACDD93200960D84;
			productRefGroup = A88637F81ACDD93200960D84 /* Products */;
			projectDirPath = "";
			projectRoot = "";
			targets = (
				A88637F61ACDD93200960D84 /* VenueMenue */,
				A886380F1ACDD93200960D84 /* VenueMenueTests */,
			);
		};
/* End PBXProject section */

/* Begin PBXResourcesBuildPhase section */
		A88637F51ACDD93200960D84 /* Resources */ = {
			isa = PBXResourcesBuildPhase;
			buildActionMask = 2147483647;
			files = (
				A88638061ACDD93200960D84 /* Main.storyboard in Resources */,
				A886380B1ACDD93200960D84 /* LaunchScreen.xib in Resources */,
				A88638081ACDD93200960D84 /* Images.xcassets in Resources */,
			);
			runOnlyForDeploymentPostprocessing = 0;
		};
		A886380E1ACDD93200960D84 /* Resources */ = {
			isa = PBXResourcesBuildPhase;
			buildActionMask = 2147483647;
			files = (
			);
			runOnlyForDeploymentPostprocessing = 0;
		};
/* End PBXResourcesBuildPhase section */

/* Begin PBXSourcesBuildPhase section */
		A88637F31ACDD93200960D84 /* Sources */ = {
			isa = PBXSourcesBuildPhase;
			buildActionMask = 2147483647;
			files = (
				A88638031ACDD93200960D84 /* ViewController.m in Sources */,
				A88638001ACDD93200960D84 /* AppDelegate.m in Sources */,
				A88637FD1ACDD93200960D84 /* main.m in Sources */,
			);
			runOnlyForDeploymentPostprocessing = 0;
		};
		A886380C1ACDD93200960D84 /* Sources */ = {
			isa = PBXSourcesBuildPhase;
			buildActionMask = 2147483647;
			files = (
				A88638171ACDD93200960D84 /* VenueMenueTests.m in Sources */,
			);
			runOnlyForDeploymentPostprocessing = 0;
		};
/* End PBXSourcesBuildPhase section */

/* Begin PBXTargetDependency section */
		A88638121ACDD93200960D84 /* PBXTargetDependency */ = {
			isa = PBXTargetDependency;
			target = A88637F61ACDD93200960D84 /* VenueMenue */;
			targetProxy = A88638111ACDD93200960D84 /* PBXContainerItemProxy */;
		};
/* End PBXTargetDependency section */

/* Begin PBXVariantGroup section */
		A88638041ACDD93200960D84 /* Main.storyboard */ = {
			isa = PBXVariantGroup;
			children = (
				A88638051ACDD93200960D84 /* Base */,
			);
			name = Main.storyboard;
			sourceTree = "<group>";
		};
		A88638091ACDD93200960D84 /* LaunchScreen.xib */ = {
			isa = PBXVariantGroup;
			children = (
				A886380A1ACDD93200960D84 /* Base */,
			);
			name = LaunchScreen.xib;
			sourceTree = "<group>";
		};
/* End PBXVariantGroup section */

/* Begin XCBuildConfiguration section */
		A88638181ACDD93200960D84 /* Debug */ = {
			isa = XCBuildConfiguration;
			buildSettings = {
				ALWAYS_SEARCH_USER_PATHS = NO;
				CLANG_CXX_LANGUAGE_STANDARD = "gnu++0x";
				CLANG_CXX_LIBRARY = "libc++";
				CLANG_ENABLE_MODULES = YES;
				CLANG_ENABLE_OBJC_ARC = YES;
				CLANG_WARN_BOOL_CONVERSION = YES;
				CLANG_WARN_CONSTANT_CONVERSION = YES;
				CLANG_WARN_DIRECT_OBJC_ISA_USAGE = YES_ERROR;
				CLANG_WARN_EMPTY_BODY = YES;
				CLANG_WARN_ENUM_CONVERSION = YES;
				CLANG_WARN_INT_CONVERSION = YES;
				CLANG_WARN_OBJC_ROOT_CLASS = YES_ERROR;
				CLANG_WARN_UNREACHABLE_CODE = YES;
				CLANG_WARN__DUPLICATE_METHOD_MATCH = YES;
				"CODE_SIGN_IDENTITY[sdk=iphoneos*]" = "iPhone Developer";
				COPY_PHASE_STRIP = NO;
				ENABLE_STRICT_OBJC_MSGSEND = YES;
				GCC_C_LANGUAGE_STANDARD = gnu99;
				GCC_DYNAMIC_NO_PIC = NO;
				GCC_OPTIMIZATION_LEVEL = 0;
				GCC_PREPROCESSOR_DEFINITIONS = (
					"DEBUG=1",
					"$(inherited)",
				);
				GCC_SYMBOLS_PRIVATE_EXTERN = NO;
				GCC_WARN_64_TO_32_BIT_CONVERSION = YES;
				GCC_WARN_ABOUT_RETURN_TYPE = YES_ERROR;
				GCC_WARN_UNDECLARED_SELECTOR = YES;
				GCC_WARN_UNINITIALIZED_AUTOS = YES_AGGRESSIVE;
				GCC_WARN_UNUSED_FUNCTION = YES;
				GCC_WARN_UNUSED_VARIABLE = YES;
				IPHONEOS_DEPLOYMENT_TARGET = 8.2;
				MTL_ENABLE_DEBUG_INFO = YES;
				ONLY_ACTIVE_ARCH = YES;
				SDKROOT = iphoneos;
			};
			name = Debug;
		};
		A88638191ACDD93200960D84 /* Release */ = {
			isa = XCBuildConfiguration;
			buildSettings = {
				ALWAYS_SEARCH_USER_PATHS = NO;
				CLANG_CXX_LANGUAGE_STANDARD = "gnu++0x";
				CLANG_CXX_LIBRARY = "libc++";
				CLANG_ENABLE_MODULES = YES;
				CLANG_ENABLE_OBJC_ARC = YES;
				CLANG_WARN_BOOL_CONVERSION = YES;
				CLANG_WARN_CONSTANT_CONVERSION = YES;
				CLANG_WARN_DIRECT_OBJC_ISA_USAGE = YES_ERROR;
				CLANG_WARN_EMPTY_BODY = YES;
				CLANG_WARN_ENUM_CONVERSION = YES;
				CLANG_WARN_INT_CONVERSION = YES;
				CLANG_WARN_OBJC_ROOT_CLASS = YES_ERROR;
				CLANG_WARN_UNREACHABLE_CODE = YES;
				CLANG_WARN__DUPLICATE_METHOD_MATCH = YES;
				"CODE_SIGN_IDENTITY[sdk=iphoneos*]" = "iPhone Developer";
				COPY_PHASE_STRIP = NO;
				ENABLE_NS_ASSERTIONS = NO;
				ENABLE_STRICT_OBJC_MSGSEND = YES;
				GCC_C_LANGUAGE_STANDARD = gnu99;
				GCC_WARN_64_TO_32_BIT_CONVERSION = YES;
				GCC_WARN_ABOUT_RETURN_TYPE = YES_ERROR;
				GCC_WARN_UNDECLARED_SELECTOR = YES;
				GCC_WARN_UNINITIALIZED_AUTOS = YES_AGGRESSIVE;
				GCC_WARN_UNUSED_FUNCTION = YES;
				GCC_WARN_UNUSED_VARIABLE = YES;
				IPHONEOS_DEPLOYMENT_TARGET = 8.2;
				MTL_ENABLE_DEBUG_INFO = NO;
				SDKROOT = iphoneos;
				VALIDATE_PRODUCT = YES;
			};
			name = Release;
		};
		A886381B1ACDD93200960D84 /* Debug */ = {
			isa = XCBuildConfiguration;
			buildSettings = {
				ASSETCATALOG_COMPILER_APPICON_NAME = AppIcon;
				INFOPLIST_FILE = VenueMenue/Info.plist;
				LD_RUNPATH_SEARCH_PATHS = "$(inherited) @executable_path/Frameworks";
				PRODUCT_NAME = "$(TARGET_NAME)";
			};
			name = Debug;
		};
		A886381C1ACDD93200960D84 /* Release */ = {
			isa = XCBuildConfiguration;
			buildSettings = {
				ASSETCATALOG_COMPILER_APPICON_NAME = AppIcon;
				INFOPLIST_FILE = VenueMenue/Info.plist;
				LD_RUNPATH_SEARCH_PATHS = "$(inherited) @executable_path/Frameworks";
				PRODUCT_NAME = "$(TARGET_NAME)";
			};
			name = Release;
		};
		A886381E1ACDD93200960D84 /* Debug */ = {
			isa = XCBuildConfiguration;
			buildSettings = {
				BUNDLE_LOADER = "$(TEST_HOST)";
				FRAMEWORK_SEARCH_PATHS = (
					"$(SDKROOT)/Developer/Library/Frameworks",
					"$(inherited)",
				);
				GCC_PREPROCESSOR_DEFINITIONS = (
					"DEBUG=1",
					"$(inherited)",
				);
				INFOPLIST_FILE = VenueMenueTests/Info.plist;
				LD_RUNPATH_SEARCH_PATHS = "$(inherited) @executable_path/Frameworks @loader_path/Frameworks";
				PRODUCT_NAME = "$(TARGET_NAME)";
				TEST_HOST = "$(BUILT_PRODUCTS_DIR)/VenueMenue.app/VenueMenue";
			};
			name = Debug;
		};
		A886381F1ACDD93200960D84 /* Release */ = {
			isa = XCBuildConfiguration;
			buildSettings = {
				BUNDLE_LOADER = "$(TEST_HOST)";
				FRAMEWORK_SEARCH_PATHS = (
					"$(SDKROOT)/Developer/Library/Frameworks",
					"$(inherited)",
				);
				INFOPLIST_FILE = VenueMenueTests/Info.plist;
				LD_RUNPATH_SEARCH_PATHS = "$(inherited) @executable_path/Frameworks @loader_path/Frameworks";
				PRODUCT_NAME = "$(TARGET_NAME)";
				TEST_HOST = "$(BUILT_PRODUCTS_DIR)/VenueMenue.app/VenueMenue";
			};
			name = Release;
		};
/* End XCBuildConfiguration section */

/* Begin XCConfigurationList section */
		A88637F21ACDD93200960D84 /* Build configuration list for PBXProject "VenueMenue" */ = {
			isa = XCConfigurationList;
			buildConfigurations = (
				A88638181ACDD93200960D84 /* Debug */,
				A88638191ACDD93200960D84 /* Release */,
			);
			defaultConfigurationIsVisible = 0;
			defaultConfigurationName = Release;
		};
		A886381A1ACDD93200960D84 /* Build configuration list for PBXNativeTarget "VenueMenue" */ = {
			isa = XCConfigurationList;
			buildConfigurations = (
				A886381B1ACDD93200960D84 /* Debug */,
				A886381C1ACDD93200960D84 /* Release */,
			);
			defaultConfigurationIsVisible = 0;
		};
		A886381D1ACDD93200960D84 /* Build configuration list for PBXNativeTarget "VenueMenueTests" */ = {
			isa = XCConfigurationList;
			buildConfigurations = (
				A886381E1ACDD93200960D84 /* Debug */,
				A886381F1ACDD93200960D84 /* Release */,
			);
			defaultConfigurationIsVisible = 0;
		};
/* End XCConfigurationList section */
	};
	rootObject = A88637EF1ACDD93200960D84 /* Project object */;
}
