// !$*UTF8*$!
{
	archiveVersion = 1;
	classes = {
	};
	objectVersion = 46;
	objects = {

/* Begin PBXBuildFile section */
		A8D489A31AB20D99007ADDD5 /* main.m in Sources */ = {isa = PBXBuildFile; fileRef = A8D489A21AB20D99007ADDD5 /* main.m */; };
		A8D489A61AB20D99007ADDD5 /* AppDelegate.m in Sources */ = {isa = PBXBuildFile; fileRef = A8D489A51AB20D99007ADDD5 /* AppDelegate.m */; };
		A8D489A91AB20D99007ADDD5 /* ViewController.m in Sources */ = {isa = PBXBuildFile; fileRef = A8D489A81AB20D99007ADDD5 /* ViewController.m */; };
		A8D489AC1AB20D99007ADDD5 /* Main.storyboard in Resources */ = {isa = PBXBuildFile; fileRef = A8D489AA1AB20D99007ADDD5 /* Main.storyboard */; };
		A8D489AE1AB20D99007ADDD5 /* Images.xcassets in Resources */ = {isa = PBXBuildFile; fileRef = A8D489AD1AB20D99007ADDD5 /* Images.xcassets */; };
		A8D489B11AB20D99007ADDD5 /* LaunchScreen.xib in Resources */ = {isa = PBXBuildFile; fileRef = A8D489AF1AB20D99007ADDD5 /* LaunchScreen.xib */; };
		A8D489BD1AB20D9A007ADDD5 /* High_VoltageTests.m in Sources */ = {isa = PBXBuildFile; fileRef = A8D489BC1AB20D9A007ADDD5 /* High_VoltageTests.m */; };
/* End PBXBuildFile section */

/* Begin PBXContainerItemProxy section */
		A8D489B71AB20D9A007ADDD5 /* PBXContainerItemProxy */ = {
			isa = PBXContainerItemProxy;
			containerPortal = A8D489951AB20D99007ADDD5 /* Project object */;
			proxyType = 1;
			remoteGlobalIDString = A8D4899C1AB20D99007ADDD5;
			remoteInfo = "High Voltage";
		};
/* End PBXContainerItemProxy section */

/* Begin PBXFileReference section */
		A8D4899D1AB20D99007ADDD5 /* High Voltage.app */ = {isa = PBXFileReference; explicitFileType = wrapper.application; includeInIndex = 0; path = "High Voltage.app"; sourceTree = BUILT_PRODUCTS_DIR; };
		A8D489A11AB20D99007ADDD5 /* Info.plist */ = {isa = PBXFileReference; lastKnownFileType = text.plist.xml; path = Info.plist; sourceTree = "<group>"; };
		A8D489A21AB20D99007ADDD5 /* main.m */ = {isa = PBXFileReference; lastKnownFileType = sourcecode.c.objc; path = main.m; sourceTree = "<group>"; };
		A8D489A41AB20D99007ADDD5 /* AppDelegate.h */ = {isa = PBXFileReference; lastKnownFileType = sourcecode.c.h; path = AppDelegate.h; sourceTree = "<group>"; };
		A8D489A51AB20D99007ADDD5 /* AppDelegate.m */ = {isa = PBXFileReference; lastKnownFileType = sourcecode.c.objc; path = AppDelegate.m; sourceTree = "<group>"; };
		A8D489A71AB20D99007ADDD5 /* ViewController.h */ = {isa = PBXFileReference; lastKnownFileType = sourcecode.c.h; path = ViewController.h; sourceTree = "<group>"; };
		A8D489A81AB20D99007ADDD5 /* ViewController.m */ = {isa = PBXFileReference; lastKnownFileType = sourcecode.c.objc; path = ViewController.m; sourceTree = "<group>"; };
		A8D489AB1AB20D99007ADDD5 /* Base */ = {isa = PBXFileReference; lastKnownFileType = file.storyboard; name = Base; path = Base.lproj/Main.storyboard; sourceTree = "<group>"; };
		A8D489AD1AB20D99007ADDD5 /* Images.xcassets */ = {isa = PBXFileReference; lastKnownFileType = folder.assetcatalog; path = Images.xcassets; sourceTree = "<group>"; };
		A8D489B01AB20D99007ADDD5 /* Base */ = {isa = PBXFileReference; lastKnownFileType = file.xib; name = Base; path = Base.lproj/LaunchScreen.xib; sourceTree = "<group>"; };
		A8D489B61AB20D9A007ADDD5 /* High VoltageTests.xctest */ = {isa = PBXFileReference; explicitFileType = wrapper.cfbundle; includeInIndex = 0; path = "High VoltageTests.xctest"; sourceTree = BUILT_PRODUCTS_DIR; };
		A8D489BB1AB20D9A007ADDD5 /* Info.plist */ = {isa = PBXFileReference; lastKnownFileType = text.plist.xml; path = Info.plist; sourceTree = "<group>"; };
		A8D489BC1AB20D9A007ADDD5 /* High_VoltageTests.m */ = {isa = PBXFileReference; lastKnownFileType = sourcecode.c.objc; path = High_VoltageTests.m; sourceTree = "<group>"; };
/* End PBXFileReference section */

/* Begin PBXFrameworksBuildPhase section */
		A8D4899A1AB20D99007ADDD5 /* Frameworks */ = {
			isa = PBXFrameworksBuildPhase;
			buildActionMask = 2147483647;
			files = (
			);
			runOnlyForDeploymentPostprocessing = 0;
		};
		A8D489B31AB20D9A007ADDD5 /* Frameworks */ = {
			isa = PBXFrameworksBuildPhase;
			buildActionMask = 2147483647;
			files = (
			);
			runOnlyForDeploymentPostprocessing = 0;
		};
/* End PBXFrameworksBuildPhase section */

/* Begin PBXGroup section */
		A8D489941AB20D99007ADDD5 = {
			isa = PBXGroup;
			children = (
				A8D4899F1AB20D99007ADDD5 /* High Voltage */,
				A8D489B91AB20D9A007ADDD5 /* High VoltageTests */,
				A8D4899E1AB20D99007ADDD5 /* Products */,
			);
			sourceTree = "<group>";
		};
		A8D4899E1AB20D99007ADDD5 /* Products */ = {
			isa = PBXGroup;
			children = (
				A8D4899D1AB20D99007ADDD5 /* High Voltage.app */,
				A8D489B61AB20D9A007ADDD5 /* High VoltageTests.xctest */,
			);
			name = Products;
			sourceTree = "<group>";
		};
		A8D4899F1AB20D99007ADDD5 /* High Voltage */ = {
			isa = PBXGroup;
			children = (
				A8D489A41AB20D99007ADDD5 /* AppDelegate.h */,
				A8D489A51AB20D99007ADDD5 /* AppDelegate.m */,
				A8D489A71AB20D99007ADDD5 /* ViewController.h */,
				A8D489A81AB20D99007ADDD5 /* ViewController.m */,
				A8D489AA1AB20D99007ADDD5 /* Main.storyboard */,
				A8D489AD1AB20D99007ADDD5 /* Images.xcassets */,
				A8D489AF1AB20D99007ADDD5 /* LaunchScreen.xib */,
				A8D489A01AB20D99007ADDD5 /* Supporting Files */,
			);
			path = "High Voltage";
			sourceTree = "<group>";
		};
		A8D489A01AB20D99007ADDD5 /* Supporting Files */ = {
			isa = PBXGroup;
			children = (
				A8D489A11AB20D99007ADDD5 /* Info.plist */,
				A8D489A21AB20D99007ADDD5 /* main.m */,
			);
			name = "Supporting Files";
			sourceTree = "<group>";
		};
		A8D489B91AB20D9A007ADDD5 /* High VoltageTests */ = {
			isa = PBXGroup;
			children = (
				A8D489BC1AB20D9A007ADDD5 /* High_VoltageTests.m */,
				A8D489BA1AB20D9A007ADDD5 /* Supporting Files */,
			);
			path = "High VoltageTests";
			sourceTree = "<group>";
		};
		A8D489BA1AB20D9A007ADDD5 /* Supporting Files */ = {
			isa = PBXGroup;
			children = (
				A8D489BB1AB20D9A007ADDD5 /* Info.plist */,
			);
			name = "Supporting Files";
			sourceTree = "<group>";
		};
/* End PBXGroup section */

/* Begin PBXNativeTarget section */
		A8D4899C1AB20D99007ADDD5 /* High Voltage */ = {
			isa = PBXNativeTarget;
			buildConfigurationList = A8D489C01AB20D9A007ADDD5 /* Build configuration list for PBXNativeTarget "High Voltage" */;
			buildPhases = (
				A8D489991AB20D99007ADDD5 /* Sources */,
				A8D4899A1AB20D99007ADDD5 /* Frameworks */,
				A8D4899B1AB20D99007ADDD5 /* Resources */,
			);
			buildRules = (
			);
			dependencies = (
			);
			name = "High Voltage";
			productName = "High Voltage";
			productReference = A8D4899D1AB20D99007ADDD5 /* High Voltage.app */;
			productType = "com.apple.product-type.application";
		};
		A8D489B51AB20D9A007ADDD5 /* High VoltageTests */ = {
			isa = PBXNativeTarget;
			buildConfigurationList = A8D489C31AB20D9A007ADDD5 /* Build configuration list for PBXNativeTarget "High VoltageTests" */;
			buildPhases = (
				A8D489B21AB20D9A007ADDD5 /* Sources */,
				A8D489B31AB20D9A007ADDD5 /* Frameworks */,
				A8D489B41AB20D9A007ADDD5 /* Resources */,
			);
			buildRules = (
			);
			dependencies = (
				A8D489B81AB20D9A007ADDD5 /* PBXTargetDependency */,
			);
			name = "High VoltageTests";
			productName = "High VoltageTests";
			productReference = A8D489B61AB20D9A007ADDD5 /* High VoltageTests.xctest */;
			productType = "com.apple.product-type.bundle.unit-test";
		};
/* End PBXNativeTarget section */

/* Begin PBXProject section */
		A8D489951AB20D99007ADDD5 /* Project object */ = {
			isa = PBXProject;
			attributes = {
				LastUpgradeCheck = 0610;
				ORGANIZATIONNAME = "The Iron Yard";
				TargetAttributes = {
					A8D4899C1AB20D99007ADDD5 = {
						CreatedOnToolsVersion = 6.1.1;
					};
					A8D489B51AB20D9A007ADDD5 = {
						CreatedOnToolsVersion = 6.1.1;
						TestTargetID = A8D4899C1AB20D99007ADDD5;
					};
				};
			};
			buildConfigurationList = A8D489981AB20D99007ADDD5 /* Build configuration list for PBXProject "High Voltage" */;
			compatibilityVersion = "Xcode 3.2";
			developmentRegion = English;
			hasScannedForEncodings = 0;
			knownRegions = (
				en,
				Base,
			);
			mainGroup = A8D489941AB20D99007ADDD5;
			productRefGroup = A8D4899E1AB20D99007ADDD5 /* Products */;
			projectDirPath = "";
			projectRoot = "";
			targets = (
				A8D4899C1AB20D99007ADDD5 /* High Voltage */,
				A8D489B51AB20D9A007ADDD5 /* High VoltageTests */,
			);
		};
/* End PBXProject section */

/* Begin PBXResourcesBuildPhase section */
		A8D4899B1AB20D99007ADDD5 /* Resources */ = {
			isa = PBXResourcesBuildPhase;
			buildActionMask = 2147483647;
			files = (
				A8D489AC1AB20D99007ADDD5 /* Main.storyboard in Resources */,
				A8D489B11AB20D99007ADDD5 /* LaunchScreen.xib in Resources */,
				A8D489AE1AB20D99007ADDD5 /* Images.xcassets in Resources */,
			);
			runOnlyForDeploymentPostprocessing = 0;
		};
		A8D489B41AB20D9A007ADDD5 /* Resources */ = {
			isa = PBXResourcesBuildPhase;
			buildActionMask = 2147483647;
			files = (
			);
			runOnlyForDeploymentPostprocessing = 0;
		};
/* End PBXResourcesBuildPhase section */

/* Begin PBXSourcesBuildPhase section */
		A8D489991AB20D99007ADDD5 /* Sources */ = {
			isa = PBXSourcesBuildPhase;
			buildActionMask = 2147483647;
			files = (
				A8D489A91AB20D99007ADDD5 /* ViewController.m in Sources */,
				A8D489A61AB20D99007ADDD5 /* AppDelegate.m in Sources */,
				A8D489A31AB20D99007ADDD5 /* main.m in Sources */,
			);
			runOnlyForDeploymentPostprocessing = 0;
		};
		A8D489B21AB20D9A007ADDD5 /* Sources */ = {
			isa = PBXSourcesBuildPhase;
			buildActionMask = 2147483647;
			files = (
				A8D489BD1AB20D9A007ADDD5 /* High_VoltageTests.m in Sources */,
			);
			runOnlyForDeploymentPostprocessing = 0;
		};
/* End PBXSourcesBuildPhase section */

/* Begin PBXTargetDependency section */
		A8D489B81AB20D9A007ADDD5 /* PBXTargetDependency */ = {
			isa = PBXTargetDependency;
			target = A8D4899C1AB20D99007ADDD5 /* High Voltage */;
			targetProxy = A8D489B71AB20D9A007ADDD5 /* PBXContainerItemProxy */;
		};
/* End PBXTargetDependency section */

/* Begin PBXVariantGroup section */
		A8D489AA1AB20D99007ADDD5 /* Main.storyboard */ = {
			isa = PBXVariantGroup;
			children = (
				A8D489AB1AB20D99007ADDD5 /* Base */,
			);
			name = Main.storyboard;
			sourceTree = "<group>";
		};
		A8D489AF1AB20D99007ADDD5 /* LaunchScreen.xib */ = {
			isa = PBXVariantGroup;
			children = (
				A8D489B01AB20D99007ADDD5 /* Base */,
			);
			name = LaunchScreen.xib;
			sourceTree = "<group>";
		};
/* End PBXVariantGroup section */

/* Begin XCBuildConfiguration section */
		A8D489BE1AB20D9A007ADDD5 /* Debug */ = {
			isa = XCBuildConfiguration;
			buildSettings = {
				ALWAYS_SEARCH_USER_PATHS = NO;
				CLANG_CXX_LANGUAGE_STANDARD = "gnu++0x";
				CLANG_CXX_LIBRARY = "libc++";
				CLANG_ENABLE_MODULES = YES;
				CLANG_ENABLE_OBJC_ARC = YES;
				CLANG_WARN_BOOL_CONVERSION = YES;
				CLANG_WARN_CONSTANT_CONVERSION = YES;
				CLANG_WARN_DIRECT_OBJC_ISA_USAGE = YES_ERROR;
				CLANG_WARN_EMPTY_BODY = YES;
				CLANG_WARN_ENUM_CONVERSION = YES;
				CLANG_WARN_INT_CONVERSION = YES;
				CLANG_WARN_OBJC_ROOT_CLASS = YES_ERROR;
				CLANG_WARN_UNREACHABLE_CODE = YES;
				CLANG_WARN__DUPLICATE_METHOD_MATCH = YES;
				"CODE_SIGN_IDENTITY[sdk=iphoneos*]" = "iPhone Developer";
				COPY_PHASE_STRIP = NO;
				ENABLE_STRICT_OBJC_MSGSEND = YES;
				GCC_C_LANGUAGE_STANDARD = gnu99;
				GCC_DYNAMIC_NO_PIC = NO;
				GCC_OPTIMIZATION_LEVEL = 0;
				GCC_PREPROCESSOR_DEFINITIONS = (
					"DEBUG=1",
					"$(inherited)",
				);
				GCC_SYMBOLS_PRIVATE_EXTERN = NO;
				GCC_WARN_64_TO_32_BIT_CONVERSION = YES;
				GCC_WARN_ABOUT_RETURN_TYPE = YES_ERROR;
				GCC_WARN_UNDECLARED_SELECTOR = YES;
				GCC_WARN_UNINITIALIZED_AUTOS = YES_AGGRESSIVE;
				GCC_WARN_UNUSED_FUNCTION = YES;
				GCC_WARN_UNUSED_VARIABLE = YES;
				IPHONEOS_DEPLOYMENT_TARGET = 8.1;
				MTL_ENABLE_DEBUG_INFO = YES;
				ONLY_ACTIVE_ARCH = YES;
				SDKROOT = iphoneos;
				TARGETED_DEVICE_FAMILY = "1,2";
			};
			name = Debug;
		};
		A8D489BF1AB20D9A007ADDD5 /* Release */ = {
			isa = XCBuildConfiguration;
			buildSettings = {
				ALWAYS_SEARCH_USER_PATHS = NO;
				CLANG_CXX_LANGUAGE_STANDARD = "gnu++0x";
				CLANG_CXX_LIBRARY = "libc++";
				CLANG_ENABLE_MODULES = YES;
				CLANG_ENABLE_OBJC_ARC = YES;
				CLANG_WARN_BOOL_CONVERSION = YES;
				CLANG_WARN_CONSTANT_CONVERSION = YES;
				CLANG_WARN_DIRECT_OBJC_ISA_USAGE = YES_ERROR;
				CLANG_WARN_EMPTY_BODY = YES;
				CLANG_WARN_ENUM_CONVERSION = YES;
				CLANG_WARN_INT_CONVERSION = YES;
				CLANG_WARN_OBJC_ROOT_CLASS = YES_ERROR;
				CLANG_WARN_UNREACHABLE_CODE = YES;
				CLANG_WARN__DUPLICATE_METHOD_MATCH = YES;
				"CODE_SIGN_IDENTITY[sdk=iphoneos*]" = "iPhone Developer";
				COPY_PHASE_STRIP = YES;
				ENABLE_NS_ASSERTIONS = NO;
				ENABLE_STRICT_OBJC_MSGSEND = YES;
				GCC_C_LANGUAGE_STANDARD = gnu99;
				GCC_WARN_64_TO_32_BIT_CONVERSION = YES;
				GCC_WARN_ABOUT_RETURN_TYPE = YES_ERROR;
				GCC_WARN_UNDECLARED_SELECTOR = YES;
				GCC_WARN_UNINITIALIZED_AUTOS = YES_AGGRESSIVE;
				GCC_WARN_UNUSED_FUNCTION = YES;
				GCC_WARN_UNUSED_VARIABLE = YES;
				IPHONEOS_DEPLOYMENT_TARGET = 8.1;
				MTL_ENABLE_DEBUG_INFO = NO;
				SDKROOT = iphoneos;
				TARGETED_DEVICE_FAMILY = "1,2";
				VALIDATE_PRODUCT = YES;
			};
			name = Release;
		};
		A8D489C11AB20D9A007ADDD5 /* Debug */ = {
			isa = XCBuildConfiguration;
			buildSettings = {
				ASSETCATALOG_COMPILER_APPICON_NAME = AppIcon;
				INFOPLIST_FILE = "High Voltage/Info.plist";
				LD_RUNPATH_SEARCH_PATHS = "$(inherited) @executable_path/Frameworks";
				PRODUCT_NAME = "$(TARGET_NAME)";
			};
			name = Debug;
		};
		A8D489C21AB20D9A007ADDD5 /* Release */ = {
			isa = XCBuildConfiguration;
			buildSettings = {
				ASSETCATALOG_COMPILER_APPICON_NAME = AppIcon;
				INFOPLIST_FILE = "High Voltage/Info.plist";
				LD_RUNPATH_SEARCH_PATHS = "$(inherited) @executable_path/Frameworks";
				PRODUCT_NAME = "$(TARGET_NAME)";
			};
			name = Release;
		};
		A8D489C41AB20D9A007ADDD5 /* Debug */ = {
			isa = XCBuildConfiguration;
			buildSettings = {
				BUNDLE_LOADER = "$(TEST_HOST)";
				FRAMEWORK_SEARCH_PATHS = (
					"$(SDKROOT)/Developer/Library/Frameworks",
					"$(inherited)",
				);
				GCC_PREPROCESSOR_DEFINITIONS = (
					"DEBUG=1",
					"$(inherited)",
				);
				INFOPLIST_FILE = "High VoltageTests/Info.plist";
				LD_RUNPATH_SEARCH_PATHS = "$(inherited) @executable_path/Frameworks @loader_path/Frameworks";
				PRODUCT_NAME = "$(TARGET_NAME)";
				TEST_HOST = "$(BUILT_PRODUCTS_DIR)/High Voltage.app/High Voltage";
			};
			name = Debug;
		};
		A8D489C51AB20D9A007ADDD5 /* Release */ = {
			isa = XCBuildConfiguration;
			buildSettings = {
				BUNDLE_LOADER = "$(TEST_HOST)";
				FRAMEWORK_SEARCH_PATHS = (
					"$(SDKROOT)/Developer/Library/Frameworks",
					"$(inherited)",
				);
				INFOPLIST_FILE = "High VoltageTests/Info.plist";
				LD_RUNPATH_SEARCH_PATHS = "$(inherited) @executable_path/Frameworks @loader_path/Frameworks";
				PRODUCT_NAME = "$(TARGET_NAME)";
				TEST_HOST = "$(BUILT_PRODUCTS_DIR)/High Voltage.app/High Voltage";
			};
			name = Release;
		};
/* End XCBuildConfiguration section */

/* Begin XCConfigurationList section */
		A8D489981AB20D99007ADDD5 /* Build configuration list for PBXProject "High Voltage" */ = {
			isa = XCConfigurationList;
			buildConfigurations = (
				A8D489BE1AB20D9A007ADDD5 /* Debug */,
				A8D489BF1AB20D9A007ADDD5 /* Release */,
			);
			defaultConfigurationIsVisible = 0;
			defaultConfigurationName = Release;
		};
		A8D489C01AB20D9A007ADDD5 /* Build configuration list for PBXNativeTarget "High Voltage" */ = {
			isa = XCConfigurationList;
			buildConfigurations = (
				A8D489C11AB20D9A007ADDD5 /* Debug */,
				A8D489C21AB20D9A007ADDD5 /* Release */,
			);
			defaultConfigurationIsVisible = 0;
		};
		A8D489C31AB20D9A007ADDD5 /* Build configuration list for PBXNativeTarget "High VoltageTests" */ = {
			isa = XCConfigurationList;
			buildConfigurations = (
				A8D489C41AB20D9A007ADDD5 /* Debug */,
				A8D489C51AB20D9A007ADDD5 /* Release */,
			);
			defaultConfigurationIsVisible = 0;
		};
/* End XCConfigurationList section */
	};
	rootObject = A8D489951AB20D99007ADDD5 /* Project object */;
}
