// !$*UTF8*$!
{
	archiveVersion = 1;
	classes = {
	};
	objectVersion = 46;
	objects = {

/* Begin PBXBuildFile section */
		A8AD74EA1AAF42F80014F830 /* CalculatorBrain.h in CopyFiles */ = {isa = PBXBuildFile; fileRef = A8AD74E91AAF42F80014F830 /* CalculatorBrain.h */; };
		A8AD74EC1AAF42F80014F830 /* CalculatorBrain.m in Sources */ = {isa = PBXBuildFile; fileRef = A8AD74EB1AAF42F80014F830 /* CalculatorBrain.m */; };
/* End PBXBuildFile section */

/* Begin PBXCopyFilesBuildPhase section */
		A8AD74E41AAF42F80014F830 /* CopyFiles */ = {
			isa = PBXCopyFilesBuildPhase;
			buildActionMask = 2147483647;
			dstPath = "include/$(PRODUCT_NAME)";
			dstSubfolderSpec = 16;
			files = (
				A8AD74EA1AAF42F80014F830 /* CalculatorBrain.h in CopyFiles */,
			);
			runOnlyForDeploymentPostprocessing = 0;
		};
/* End PBXCopyFilesBuildPhase section */

/* Begin PBXFileReference section */
		A8AD74E61AAF42F80014F830 /* libCalculatorBrain.a */ = {isa = PBXFileReference; explicitFileType = archive.ar; includeInIndex = 0; path = libCalculatorBrain.a; sourceTree = BUILT_PRODUCTS_DIR; };
		A8AD74E91AAF42F80014F830 /* CalculatorBrain.h */ = {isa = PBXFileReference; lastKnownFileType = sourcecode.c.h; path = CalculatorBrain.h; sourceTree = "<group>"; };
		A8AD74EB1AAF42F80014F830 /* CalculatorBrain.m */ = {isa = PBXFileReference; lastKnownFileType = sourcecode.c.objc; path = CalculatorBrain.m; sourceTree = "<group>"; };
/* End PBXFileReference section */

/* Begin PBXFrameworksBuildPhase section */
		A8AD74E31AAF42F80014F830 /* Frameworks */ = {
			isa = PBXFrameworksBuildPhase;
			buildActionMask = 2147483647;
			files = (
			);
			runOnlyForDeploymentPostprocessing = 0;
		};
/* End PBXFrameworksBuildPhase section */

/* Begin PBXGroup section */
		A8AD74DD1AAF42F80014F830 = {
			isa = PBXGroup;
			children = (
				A8AD74E81AAF42F80014F830 /* CalculatorBrain */,
				A8AD74E71AAF42F80014F830 /* Products */,
			);
			sourceTree = "<group>";
		};
		A8AD74E71AAF42F80014F830 /* Products */ = {
			isa = PBXGroup;
			children = (
				A8AD74E61AAF42F80014F830 /* libCalculatorBrain.a */,
			);
			name = Products;
			sourceTree = "<group>";
		};
		A8AD74E81AAF42F80014F830 /* CalculatorBrain */ = {
			isa = PBXGroup;
			children = (
				A8AD74E91AAF42F80014F830 /* CalculatorBrain.h */,
				A8AD74EB1AAF42F80014F830 /* CalculatorBrain.m */,
			);
			path = CalculatorBrain;
			sourceTree = "<group>";
		};
/* End PBXGroup section */

/* Begin PBXNativeTarget section */
		A8AD74E51AAF42F80014F830 /* CalculatorBrain */ = {
			isa = PBXNativeTarget;
			buildConfigurationList = A8AD74FA1AAF42F80014F830 /* Build configuration list for PBXNativeTarget "CalculatorBrain" */;
			buildPhases = (
				A8AD74E21AAF42F80014F830 /* Sources */,
				A8AD74E31AAF42F80014F830 /* Frameworks */,
				A8AD74E41AAF42F80014F830 /* CopyFiles */,
			);
			buildRules = (
			);
			dependencies = (
			);
			name = CalculatorBrain;
			productName = CalculatorBrain;
			productReference = A8AD74E61AAF42F80014F830 /* libCalculatorBrain.a */;
			productType = "com.apple.product-type.library.static";
		};
/* End PBXNativeTarget section */

/* Begin PBXProject section */
		A8AD74DE1AAF42F80014F830 /* Project object */ = {
			isa = PBXProject;
			attributes = {
				LastUpgradeCheck = 0610;
				ORGANIZATIONNAME = "The Iron Yard";
				TargetAttributes = {
					A8AD74E51AAF42F80014F830 = {
						CreatedOnToolsVersion = 6.1.1;
					};
				};
			};
			buildConfigurationList = A8AD74E11AAF42F80014F830 /* Build configuration list for PBXProject "CalculatorBrain" */;
			compatibilityVersion = "Xcode 3.2";
			developmentRegion = English;
			hasScannedForEncodings = 0;
			knownRegions = (
				en,
			);
			mainGroup = A8AD74DD1AAF42F80014F830;
			productRefGroup = A8AD74E71AAF42F80014F830 /* Products */;
			projectDirPath = "";
			projectRoot = "";
			targets = (
				A8AD74E51AAF42F80014F830 /* CalculatorBrain */,
			);
		};
/* End PBXProject section */

/* Begin PBXSourcesBuildPhase section */
		A8AD74E21AAF42F80014F830 /* Sources */ = {
			isa = PBXSourcesBuildPhase;
			buildActionMask = 2147483647;
			files = (
				A8AD74EC1AAF42F80014F830 /* CalculatorBrain.m in Sources */,
			);
			runOnlyForDeploymentPostprocessing = 0;
		};
/* End PBXSourcesBuildPhase section */

/* Begin XCBuildConfiguration section */
		A8AD74F81AAF42F80014F830 /* Debug */ = {
			isa = XCBuildConfiguration;
			buildSettings = {
				ALWAYS_SEARCH_USER_PATHS = NO;
				CLANG_CXX_LANGUAGE_STANDARD = "gnu++0x";
				CLANG_CXX_LIBRARY = "libc++";
				CLANG_ENABLE_MODULES = YES;
				CLANG_ENABLE_OBJC_ARC = YES;
				CLANG_WARN_BOOL_CONVERSION = YES;
				CLANG_WARN_CONSTANT_CONVERSION = YES;
				CLANG_WARN_DIRECT_OBJC_ISA_USAGE = YES_ERROR;
				CLANG_WARN_EMPTY_BODY = YES;
				CLANG_WARN_ENUM_CONVERSION = YES;
				CLANG_WARN_INT_CONVERSION = YES;
				CLANG_WARN_OBJC_ROOT_CLASS = YES_ERROR;
				CLANG_WARN_UNREACHABLE_CODE = YES;
				CLANG_WARN__DUPLICATE_METHOD_MATCH = YES;
				COPY_PHASE_STRIP = NO;
				ENABLE_STRICT_OBJC_MSGSEND = YES;
				GCC_C_LANGUAGE_STANDARD = gnu99;
				GCC_DYNAMIC_NO_PIC = NO;
				GCC_OPTIMIZATION_LEVEL = 0;
				GCC_PREPROCESSOR_DEFINITIONS = (
					"DEBUG=1",
					"$(inherited)",
				);
				GCC_SYMBOLS_PRIVATE_EXTERN = NO;
				GCC_WARN_64_TO_32_BIT_CONVERSION = YES;
				GCC_WARN_ABOUT_RETURN_TYPE = YES_ERROR;
				GCC_WARN_UNDECLARED_SELECTOR = YES;
				GCC_WARN_UNINITIALIZED_AUTOS = YES_AGGRESSIVE;
				GCC_WARN_UNUSED_FUNCTION = YES;
				GCC_WARN_UNUSED_VARIABLE = YES;
				IPHONEOS_DEPLOYMENT_TARGET = 8.1;
				MTL_ENABLE_DEBUG_INFO = YES;
				ONLY_ACTIVE_ARCH = YES;
				SDKROOT = iphoneos;
			};
			name = Debug;
		};
		A8AD74F91AAF42F80014F830 /* Release */ = {
			isa = XCBuildConfiguration;
			buildSettings = {
				ALWAYS_SEARCH_USER_PATHS = NO;
				CLANG_CXX_LANGUAGE_STANDARD = "gnu++0x";
				CLANG_CXX_LIBRARY = "libc++";
				CLANG_ENABLE_MODULES = YES;
				CLANG_ENABLE_OBJC_ARC = YES;
				CLANG_WARN_BOOL_CONVERSION = YES;
				CLANG_WARN_CONSTANT_CONVERSION = YES;
				CLANG_WARN_DIRECT_OBJC_ISA_USAGE = YES_ERROR;
				CLANG_WARN_EMPTY_BODY = YES;
				CLANG_WARN_ENUM_CONVERSION = YES;
				CLANG_WARN_INT_CONVERSION = YES;
				CLANG_WARN_OBJC_ROOT_CLASS = YES_ERROR;
				CLANG_WARN_UNREACHABLE_CODE = YES;
				CLANG_WARN__DUPLICATE_METHOD_MATCH = YES;
				COPY_PHASE_STRIP = YES;
				ENABLE_NS_ASSERTIONS = NO;
				ENABLE_STRICT_OBJC_MSGSEND = YES;
				GCC_C_LANGUAGE_STANDARD = gnu99;
				GCC_WARN_64_TO_32_BIT_CONVERSION = YES;
				GCC_WARN_ABOUT_RETURN_TYPE = YES_ERROR;
				GCC_WARN_UNDECLARED_SELECTOR = YES;
				GCC_WARN_UNINITIALIZED_AUTOS = YES_AGGRESSIVE;
				GCC_WARN_UNUSED_FUNCTION = YES;
				GCC_WARN_UNUSED_VARIABLE = YES;
				IPHONEOS_DEPLOYMENT_TARGET = 8.1;
				MTL_ENABLE_DEBUG_INFO = NO;
				SDKROOT = iphoneos;
				VALIDATE_PRODUCT = YES;
			};
			name = Release;
		};
		A8AD74FB1AAF42F80014F830 /* Debug */ = {
			isa = XCBuildConfiguration;
			buildSettings = {
				OTHER_LDFLAGS = "-ObjC";
				PRODUCT_NAME = "$(TARGET_NAME)";
				SKIP_INSTALL = YES;
			};
			name = Debug;
		};
		A8AD74FC1AAF42F80014F830 /* Release */ = {
			isa = XCBuildConfiguration;
			buildSettings = {
				OTHER_LDFLAGS = "-ObjC";
				PRODUCT_NAME = "$(TARGET_NAME)";
				SKIP_INSTALL = YES;
			};
			name = Release;
		};
/* End XCBuildConfiguration section */

/* Begin XCConfigurationList section */
		A8AD74E11AAF42F80014F830 /* Build configuration list for PBXProject "CalculatorBrain" */ = {
			isa = XCConfigurationList;
			buildConfigurations = (
				A8AD74F81AAF42F80014F830 /* Debug */,
				A8AD74F91AAF42F80014F830 /* Release */,
			);
			defaultConfigurationIsVisible = 0;
			defaultConfigurationName = Release;
		};
		A8AD74FA1AAF42F80014F830 /* Build configuration list for PBXNativeTarget "CalculatorBrain" */ = {
			isa = XCConfigurationList;
			buildConfigurations = (
				A8AD74FB1AAF42F80014F830 /* Debug */,
				A8AD74FC1AAF42F80014F830 /* Release */,
			);
			defaultConfigurationIsVisible = 0;
		};
/* End XCConfigurationList section */
	};
	rootObject = A8AD74DE1AAF42F80014F830 /* Project object */;
}
