// !$*UTF8*$!
{
	archiveVersion = 1;
	classes = {
	};
	objectVersion = 46;
	objects = {

/* Begin PBXBuildFile section */
		A8CA746B1AB89E9100148414 /* main.m in Sources */ = {isa = PBXBuildFile; fileRef = A8CA746A1AB89E9100148414 /* main.m */; };
		A8CA746E1AB89E9100148414 /* AppDelegate.m in Sources */ = {isa = PBXBuildFile; fileRef = A8CA746D1AB89E9100148414 /* AppDelegate.m */; };
		A8CA74741AB89E9100148414 /* Main.storyboard in Resources */ = {isa = PBXBuildFile; fileRef = A8CA74721AB89E9100148414 /* Main.storyboard */; };
		A8CA74761AB89E9100148414 /* Images.xcassets in Resources */ = {isa = PBXBuildFile; fileRef = A8CA74751AB89E9100148414 /* Images.xcassets */; };
		A8CA74791AB89E9100148414 /* LaunchScreen.xib in Resources */ = {isa = PBXBuildFile; fileRef = A8CA74771AB89E9100148414 /* LaunchScreen.xib */; };
		A8CA74851AB89E9100148414 /* CounterTests.m in Sources */ = {isa = PBXBuildFile; fileRef = A8CA74841AB89E9100148414 /* CounterTests.m */; };
		A8CA74901AB89EFF00148414 /* CounterTableViewController.m in Sources */ = {isa = PBXBuildFile; fileRef = A8CA748F1AB89EFF00148414 /* CounterTableViewController.m */; };
		A8CA74931AB89F8D00148414 /* Count.m in Sources */ = {isa = PBXBuildFile; fileRef = A8CA74921AB89F8D00148414 /* Count.m */; };
		A8CA74991AB8A12100148414 /* CountsTableViewCell.m in Sources */ = {isa = PBXBuildFile; fileRef = A8CA74981AB8A12100148414 /* CountsTableViewCell.m */; };
		A8CA749B1AB8C18100148414 /* CountsTableViewCell.xib in Resources */ = {isa = PBXBuildFile; fileRef = A8CA749A1AB8C18100148414 /* CountsTableViewCell.xib */; };
/* End PBXBuildFile section */

/* Begin PBXContainerItemProxy section */
		A8CA747F1AB89E9100148414 /* PBXContainerItemProxy */ = {
			isa = PBXContainerItemProxy;
			containerPortal = A8CA745D1AB89E9100148414 /* Project object */;
			proxyType = 1;
			remoteGlobalIDString = A8CA74641AB89E9100148414;
			remoteInfo = Counter;
		};
/* End PBXContainerItemProxy section */

/* Begin PBXFileReference section */
		A8CA74651AB89E9100148414 /* Counter.app */ = {isa = PBXFileReference; explicitFileType = wrapper.application; includeInIndex = 0; path = Counter.app; sourceTree = BUILT_PRODUCTS_DIR; };
		A8CA74691AB89E9100148414 /* Info.plist */ = {isa = PBXFileReference; lastKnownFileType = text.plist.xml; path = Info.plist; sourceTree = "<group>"; };
		A8CA746A1AB89E9100148414 /* main.m */ = {isa = PBXFileReference; lastKnownFileType = sourcecode.c.objc; path = main.m; sourceTree = "<group>"; };
		A8CA746C1AB89E9100148414 /* AppDelegate.h */ = {isa = PBXFileReference; lastKnownFileType = sourcecode.c.h; path = AppDelegate.h; sourceTree = "<group>"; };
		A8CA746D1AB89E9100148414 /* AppDelegate.m */ = {isa = PBXFileReference; lastKnownFileType = sourcecode.c.objc; path = AppDelegate.m; sourceTree = "<group>"; };
		A8CA74731AB89E9100148414 /* Base */ = {isa = PBXFileReference; lastKnownFileType = file.storyboard; name = Base; path = Base.lproj/Main.storyboard; sourceTree = "<group>"; };
		A8CA74751AB89E9100148414 /* Images.xcassets */ = {isa = PBXFileReference; lastKnownFileType = folder.assetcatalog; path = Images.xcassets; sourceTree = "<group>"; };
		A8CA74781AB89E9100148414 /* Base */ = {isa = PBXFileReference; lastKnownFileType = file.xib; name = Base; path = Base.lproj/LaunchScreen.xib; sourceTree = "<group>"; };
		A8CA747E1AB89E9100148414 /* CounterTests.xctest */ = {isa = PBXFileReference; explicitFileType = wrapper.cfbundle; includeInIndex = 0; path = CounterTests.xctest; sourceTree = BUILT_PRODUCTS_DIR; };
		A8CA74831AB89E9100148414 /* Info.plist */ = {isa = PBXFileReference; lastKnownFileType = text.plist.xml; path = Info.plist; sourceTree = "<group>"; };
		A8CA74841AB89E9100148414 /* CounterTests.m */ = {isa = PBXFileReference; lastKnownFileType = sourcecode.c.objc; path = CounterTests.m; sourceTree = "<group>"; };
		A8CA748E1AB89EFF00148414 /* CounterTableViewController.h */ = {isa = PBXFileReference; fileEncoding = 4; lastKnownFileType = sourcecode.c.h; path = CounterTableViewController.h; sourceTree = "<group>"; };
		A8CA748F1AB89EFF00148414 /* CounterTableViewController.m */ = {isa = PBXFileReference; fileEncoding = 4; lastKnownFileType = sourcecode.c.objc; path = CounterTableViewController.m; sourceTree = "<group>"; };
		A8CA74911AB89F8D00148414 /* Count.h */ = {isa = PBXFileReference; fileEncoding = 4; lastKnownFileType = sourcecode.c.h; path = Count.h; sourceTree = "<group>"; };
		A8CA74921AB89F8D00148414 /* Count.m */ = {isa = PBXFileReference; fileEncoding = 4; lastKnownFileType = sourcecode.c.objc; path = Count.m; sourceTree = "<group>"; };
		A8CA74971AB8A12100148414 /* CountsTableViewCell.h */ = {isa = PBXFileReference; fileEncoding = 4; lastKnownFileType = sourcecode.c.h; path = CountsTableViewCell.h; sourceTree = "<group>"; };
		A8CA74981AB8A12100148414 /* CountsTableViewCell.m */ = {isa = PBXFileReference; fileEncoding = 4; lastKnownFileType = sourcecode.c.objc; path = CountsTableViewCell.m; sourceTree = "<group>"; };
		A8CA749A1AB8C18100148414 /* CountsTableViewCell.xib */ = {isa = PBXFileReference; fileEncoding = 4; lastKnownFileType = file.xib; path = CountsTableViewCell.xib; sourceTree = "<group>"; };
/* End PBXFileReference section */

/* Begin PBXFrameworksBuildPhase section */
		A8CA74621AB89E9100148414 /* Frameworks */ = {
			isa = PBXFrameworksBuildPhase;
			buildActionMask = 2147483647;
			files = (
			);
			runOnlyForDeploymentPostprocessing = 0;
		};
		A8CA747B1AB89E9100148414 /* Frameworks */ = {
			isa = PBXFrameworksBuildPhase;
			buildActionMask = 2147483647;
			files = (
			);
			runOnlyForDeploymentPostprocessing = 0;
		};
/* End PBXFrameworksBuildPhase section */

/* Begin PBXGroup section */
		A8CA745C1AB89E9100148414 = {
			isa = PBXGroup;
			children = (
				A8CA74671AB89E9100148414 /* Counter */,
				A8CA74811AB89E9100148414 /* CounterTests */,
				A8CA74661AB89E9100148414 /* Products */,
			);
			sourceTree = "<group>";
		};
		A8CA74661AB89E9100148414 /* Products */ = {
			isa = PBXGroup;
			children = (
				A8CA74651AB89E9100148414 /* Counter.app */,
				A8CA747E1AB89E9100148414 /* CounterTests.xctest */,
			);
			name = Products;
			sourceTree = "<group>";
		};
		A8CA74671AB89E9100148414 /* Counter */ = {
			isa = PBXGroup;
			children = (
				A8CA746C1AB89E9100148414 /* AppDelegate.h */,
				A8CA746D1AB89E9100148414 /* AppDelegate.m */,
				A8CA748E1AB89EFF00148414 /* CounterTableViewController.h */,
				A8CA748F1AB89EFF00148414 /* CounterTableViewController.m */,
				A8CA74911AB89F8D00148414 /* Count.h */,
				A8CA74921AB89F8D00148414 /* Count.m */,
				A8CA74971AB8A12100148414 /* CountsTableViewCell.h */,
				A8CA74981AB8A12100148414 /* CountsTableViewCell.m */,
				A8CA749A1AB8C18100148414 /* CountsTableViewCell.xib */,
				A8CA74721AB89E9100148414 /* Main.storyboard */,
				A8CA74751AB89E9100148414 /* Images.xcassets */,
				A8CA74771AB89E9100148414 /* LaunchScreen.xib */,
				A8CA74681AB89E9100148414 /* Supporting Files */,
			);
			path = Counter;
			sourceTree = "<group>";
		};
		A8CA74681AB89E9100148414 /* Supporting Files */ = {
			isa = PBXGroup;
			children = (
				A8CA74691AB89E9100148414 /* Info.plist */,
				A8CA746A1AB89E9100148414 /* main.m */,
			);
			name = "Supporting Files";
			sourceTree = "<group>";
		};
		A8CA74811AB89E9100148414 /* CounterTests */ = {
			isa = PBXGroup;
			children = (
				A8CA74841AB89E9100148414 /* CounterTests.m */,
				A8CA74821AB89E9100148414 /* Supporting Files */,
			);
			path = CounterTests;
			sourceTree = "<group>";
		};
		A8CA74821AB89E9100148414 /* Supporting Files */ = {
			isa = PBXGroup;
			children = (
				A8CA74831AB89E9100148414 /* Info.plist */,
			);
			name = "Supporting Files";
			sourceTree = "<group>";
		};
/* End PBXGroup section */

/* Begin PBXNativeTarget section */
		A8CA74641AB89E9100148414 /* Counter */ = {
			isa = PBXNativeTarget;
			buildConfigurationList = A8CA74881AB89E9100148414 /* Build configuration list for PBXNativeTarget "Counter" */;
			buildPhases = (
				A8CA74611AB89E9100148414 /* Sources */,
				A8CA74621AB89E9100148414 /* Frameworks */,
				A8CA74631AB89E9100148414 /* Resources */,
			);
			buildRules = (
			);
			dependencies = (
			);
			name = Counter;
			productName = Counter;
			productReference = A8CA74651AB89E9100148414 /* Counter.app */;
			productType = "com.apple.product-type.application";
		};
		A8CA747D1AB89E9100148414 /* CounterTests */ = {
			isa = PBXNativeTarget;
			buildConfigurationList = A8CA748B1AB89E9100148414 /* Build configuration list for PBXNativeTarget "CounterTests" */;
			buildPhases = (
				A8CA747A1AB89E9100148414 /* Sources */,
				A8CA747B1AB89E9100148414 /* Frameworks */,
				A8CA747C1AB89E9100148414 /* Resources */,
			);
			buildRules = (
			);
			dependencies = (
				A8CA74801AB89E9100148414 /* PBXTargetDependency */,
			);
			name = CounterTests;
			productName = CounterTests;
			productReference = A8CA747E1AB89E9100148414 /* CounterTests.xctest */;
			productType = "com.apple.product-type.bundle.unit-test";
		};
/* End PBXNativeTarget section */

/* Begin PBXProject section */
		A8CA745D1AB89E9100148414 /* Project object */ = {
			isa = PBXProject;
			attributes = {
				LastUpgradeCheck = 0610;
				ORGANIZATIONNAME = "The Iron Yard";
				TargetAttributes = {
					A8CA74641AB89E9100148414 = {
						CreatedOnToolsVersion = 6.1.1;
					};
					A8CA747D1AB89E9100148414 = {
						CreatedOnToolsVersion = 6.1.1;
						TestTargetID = A8CA74641AB89E9100148414;
					};
				};
			};
			buildConfigurationList = A8CA74601AB89E9100148414 /* Build configuration list for PBXProject "Counter" */;
			compatibilityVersion = "Xcode 3.2";
			developmentRegion = English;
			hasScannedForEncodings = 0;
			knownRegions = (
				en,
				Base,
			);
			mainGroup = A8CA745C1AB89E9100148414;
			productRefGroup = A8CA74661AB89E9100148414 /* Products */;
			projectDirPath = "";
			projectRoot = "";
			targets = (
				A8CA74641AB89E9100148414 /* Counter */,
				A8CA747D1AB89E9100148414 /* CounterTests */,
			);
		};
/* End PBXProject section */

/* Begin PBXResourcesBuildPhase section */
		A8CA74631AB89E9100148414 /* Resources */ = {
			isa = PBXResourcesBuildPhase;
			buildActionMask = 2147483647;
			files = (
				A8CA74741AB89E9100148414 /* Main.storyboard in Resources */,
				A8CA74791AB89E9100148414 /* LaunchScreen.xib in Resources */,
				A8CA74761AB89E9100148414 /* Images.xcassets in Resources */,
				A8CA749B1AB8C18100148414 /* CountsTableViewCell.xib in Resources */,
			);
			runOnlyForDeploymentPostprocessing = 0;
		};
		A8CA747C1AB89E9100148414 /* Resources */ = {
			isa = PBXResourcesBuildPhase;
			buildActionMask = 2147483647;
			files = (
			);
			runOnlyForDeploymentPostprocessing = 0;
		};
/* End PBXResourcesBuildPhase section */

/* Begin PBXSourcesBuildPhase section */
		A8CA74611AB89E9100148414 /* Sources */ = {
			isa = PBXSourcesBuildPhase;
			buildActionMask = 2147483647;
			files = (
				A8CA746E1AB89E9100148414 /* AppDelegate.m in Sources */,
				A8CA74901AB89EFF00148414 /* CounterTableViewController.m in Sources */,
				A8CA74991AB8A12100148414 /* CountsTableViewCell.m in Sources */,
				A8CA746B1AB89E9100148414 /* main.m in Sources */,
				A8CA74931AB89F8D00148414 /* Count.m in Sources */,
			);
			runOnlyForDeploymentPostprocessing = 0;
		};
		A8CA747A1AB89E9100148414 /* Sources */ = {
			isa = PBXSourcesBuildPhase;
			buildActionMask = 2147483647;
			files = (
				A8CA74851AB89E9100148414 /* CounterTests.m in Sources */,
			);
			runOnlyForDeploymentPostprocessing = 0;
		};
/* End PBXSourcesBuildPhase section */

/* Begin PBXTargetDependency section */
		A8CA74801AB89E9100148414 /* PBXTargetDependency */ = {
			isa = PBXTargetDependency;
			target = A8CA74641AB89E9100148414 /* Counter */;
			targetProxy = A8CA747F1AB89E9100148414 /* PBXContainerItemProxy */;
		};
/* End PBXTargetDependency section */

/* Begin PBXVariantGroup section */
		A8CA74721AB89E9100148414 /* Main.storyboard */ = {
			isa = PBXVariantGroup;
			children = (
				A8CA74731AB89E9100148414 /* Base */,
			);
			name = Main.storyboard;
			sourceTree = "<group>";
		};
		A8CA74771AB89E9100148414 /* LaunchScreen.xib */ = {
			isa = PBXVariantGroup;
			children = (
				A8CA74781AB89E9100148414 /* Base */,
			);
			name = LaunchScreen.xib;
			sourceTree = "<group>";
		};
/* End PBXVariantGroup section */

/* Begin XCBuildConfiguration section */
		A8CA74861AB89E9100148414 /* Debug */ = {
			isa = XCBuildConfiguration;
			buildSettings = {
				ALWAYS_SEARCH_USER_PATHS = NO;
				CLANG_CXX_LANGUAGE_STANDARD = "gnu++0x";
				CLANG_CXX_LIBRARY = "libc++";
				CLANG_ENABLE_MODULES = YES;
				CLANG_ENABLE_OBJC_ARC = YES;
				CLANG_WARN_BOOL_CONVERSION = YES;
				CLANG_WARN_CONSTANT_CONVERSION = YES;
				CLANG_WARN_DIRECT_OBJC_ISA_USAGE = YES_ERROR;
				CLANG_WARN_EMPTY_BODY = YES;
				CLANG_WARN_ENUM_CONVERSION = YES;
				CLANG_WARN_INT_CONVERSION = YES;
				CLANG_WARN_OBJC_ROOT_CLASS = YES_ERROR;
				CLANG_WARN_UNREACHABLE_CODE = YES;
				CLANG_WARN__DUPLICATE_METHOD_MATCH = YES;
				"CODE_SIGN_IDENTITY[sdk=iphoneos*]" = "iPhone Developer";
				COPY_PHASE_STRIP = NO;
				ENABLE_STRICT_OBJC_MSGSEND = YES;
				GCC_C_LANGUAGE_STANDARD = gnu99;
				GCC_DYNAMIC_NO_PIC = NO;
				GCC_OPTIMIZATION_LEVEL = 0;
				GCC_PREPROCESSOR_DEFINITIONS = (
					"DEBUG=1",
					"$(inherited)",
				);
				GCC_SYMBOLS_PRIVATE_EXTERN = NO;
				GCC_WARN_64_TO_32_BIT_CONVERSION = YES;
				GCC_WARN_ABOUT_RETURN_TYPE = YES_ERROR;
				GCC_WARN_UNDECLARED_SELECTOR = YES;
				GCC_WARN_UNINITIALIZED_AUTOS = YES_AGGRESSIVE;
				GCC_WARN_UNUSED_FUNCTION = YES;
				GCC_WARN_UNUSED_VARIABLE = YES;
				IPHONEOS_DEPLOYMENT_TARGET = 8.1;
				MTL_ENABLE_DEBUG_INFO = YES;
				ONLY_ACTIVE_ARCH = YES;
				SDKROOT = iphoneos;
				TARGETED_DEVICE_FAMILY = "1,2";
			};
			name = Debug;
		};
		A8CA74871AB89E9100148414 /* Release */ = {
			isa = XCBuildConfiguration;
			buildSettings = {
				ALWAYS_SEARCH_USER_PATHS = NO;
				CLANG_CXX_LANGUAGE_STANDARD = "gnu++0x";
				CLANG_CXX_LIBRARY = "libc++";
				CLANG_ENABLE_MODULES = YES;
				CLANG_ENABLE_OBJC_ARC = YES;
				CLANG_WARN_BOOL_CONVERSION = YES;
				CLANG_WARN_CONSTANT_CONVERSION = YES;
				CLANG_WARN_DIRECT_OBJC_ISA_USAGE = YES_ERROR;
				CLANG_WARN_EMPTY_BODY = YES;
				CLANG_WARN_ENUM_CONVERSION = YES;
				CLANG_WARN_INT_CONVERSION = YES;
				CLANG_WARN_OBJC_ROOT_CLASS = YES_ERROR;
				CLANG_WARN_UNREACHABLE_CODE = YES;
				CLANG_WARN__DUPLICATE_METHOD_MATCH = YES;
				"CODE_SIGN_IDENTITY[sdk=iphoneos*]" = "iPhone Developer";
				COPY_PHASE_STRIP = YES;
				ENABLE_NS_ASSERTIONS = NO;
				ENABLE_STRICT_OBJC_MSGSEND = YES;
				GCC_C_LANGUAGE_STANDARD = gnu99;
				GCC_WARN_64_TO_32_BIT_CONVERSION = YES;
				GCC_WARN_ABOUT_RETURN_TYPE = YES_ERROR;
				GCC_WARN_UNDECLARED_SELECTOR = YES;
				GCC_WARN_UNINITIALIZED_AUTOS = YES_AGGRESSIVE;
				GCC_WARN_UNUSED_FUNCTION = YES;
				GCC_WARN_UNUSED_VARIABLE = YES;
				IPHONEOS_DEPLOYMENT_TARGET = 8.1;
				MTL_ENABLE_DEBUG_INFO = NO;
				SDKROOT = iphoneos;
				TARGETED_DEVICE_FAMILY = "1,2";
				VALIDATE_PRODUCT = YES;
			};
			name = Release;
		};
		A8CA74891AB89E9100148414 /* Debug */ = {
			isa = XCBuildConfiguration;
			buildSettings = {
				ASSETCATALOG_COMPILER_APPICON_NAME = AppIcon;
				INFOPLIST_FILE = Counter/Info.plist;
				LD_RUNPATH_SEARCH_PATHS = "$(inherited) @executable_path/Frameworks";
				PRODUCT_NAME = "$(TARGET_NAME)";
			};
			name = Debug;
		};
		A8CA748A1AB89E9100148414 /* Release */ = {
			isa = XCBuildConfiguration;
			buildSettings = {
				ASSETCATALOG_COMPILER_APPICON_NAME = AppIcon;
				INFOPLIST_FILE = Counter/Info.plist;
				LD_RUNPATH_SEARCH_PATHS = "$(inherited) @executable_path/Frameworks";
				PRODUCT_NAME = "$(TARGET_NAME)";
			};
			name = Release;
		};
		A8CA748C1AB89E9100148414 /* Debug */ = {
			isa = XCBuildConfiguration;
			buildSettings = {
				BUNDLE_LOADER = "$(TEST_HOST)";
				FRAMEWORK_SEARCH_PATHS = (
					"$(SDKROOT)/Developer/Library/Frameworks",
					"$(inherited)",
				);
				GCC_PREPROCESSOR_DEFINITIONS = (
					"DEBUG=1",
					"$(inherited)",
				);
				INFOPLIST_FILE = CounterTests/Info.plist;
				LD_RUNPATH_SEARCH_PATHS = "$(inherited) @executable_path/Frameworks @loader_path/Frameworks";
				PRODUCT_NAME = "$(TARGET_NAME)";
				TEST_HOST = "$(BUILT_PRODUCTS_DIR)/Counter.app/Counter";
			};
			name = Debug;
		};
		A8CA748D1AB89E9100148414 /* Release */ = {
			isa = XCBuildConfiguration;
			buildSettings = {
				BUNDLE_LOADER = "$(TEST_HOST)";
				FRAMEWORK_SEARCH_PATHS = (
					"$(SDKROOT)/Developer/Library/Frameworks",
					"$(inherited)",
				);
				INFOPLIST_FILE = CounterTests/Info.plist;
				LD_RUNPATH_SEARCH_PATHS = "$(inherited) @executable_path/Frameworks @loader_path/Frameworks";
				PRODUCT_NAME = "$(TARGET_NAME)";
				TEST_HOST = "$(BUILT_PRODUCTS_DIR)/Counter.app/Counter";
			};
			name = Release;
		};
/* End XCBuildConfiguration section */

/* Begin XCConfigurationList section */
		A8CA74601AB89E9100148414 /* Build configuration list for PBXProject "Counter" */ = {
			isa = XCConfigurationList;
			buildConfigurations = (
				A8CA74861AB89E9100148414 /* Debug */,
				A8CA74871AB89E9100148414 /* Release */,
			);
			defaultConfigurationIsVisible = 0;
			defaultConfigurationName = Release;
		};
		A8CA74881AB89E9100148414 /* Build configuration list for PBXNativeTarget "Counter" */ = {
			isa = XCConfigurationList;
			buildConfigurations = (
				A8CA74891AB89E9100148414 /* Debug */,
				A8CA748A1AB89E9100148414 /* Release */,
			);
			defaultConfigurationIsVisible = 0;
			defaultConfigurationName = Release;
		};
		A8CA748B1AB89E9100148414 /* Build configuration list for PBXNativeTarget "CounterTests" */ = {
			isa = XCConfigurationList;
			buildConfigurations = (
				A8CA748C1AB89E9100148414 /* Debug */,
				A8CA748D1AB89E9100148414 /* Release */,
			);
			defaultConfigurationIsVisible = 0;
			defaultConfigurationName = Release;
		};
/* End XCConfigurationList section */
	};
	rootObject = A8CA745D1AB89E9100148414 /* Project object */;
}
