// !$*UTF8*$!
{
	archiveVersion = 1;
	classes = {
	};
	objectVersion = 46;
	objects = {

/* Begin PBXBuildFile section */
		A88637C01ACDBC7500960D84 /* main.m in Sources */ = {isa = PBXBuildFile; fileRef = A88637BF1ACDBC7500960D84 /* main.m */; };
		A88637C31ACDBC7500960D84 /* AppDelegate.m in Sources */ = {isa = PBXBuildFile; fileRef = A88637C21ACDBC7500960D84 /* AppDelegate.m */; };
		A88637C61ACDBC7500960D84 /* ViewController.m in Sources */ = {isa = PBXBuildFile; fileRef = A88637C51ACDBC7500960D84 /* ViewController.m */; };
		A88637C91ACDBC7500960D84 /* Main.storyboard in Resources */ = {isa = PBXBuildFile; fileRef = A88637C71ACDBC7500960D84 /* Main.storyboard */; };
		A88637CB1ACDBC7500960D84 /* Images.xcassets in Resources */ = {isa = PBXBuildFile; fileRef = A88637CA1ACDBC7500960D84 /* Images.xcassets */; };
		A88637CE1ACDBC7500960D84 /* LaunchScreen.xib in Resources */ = {isa = PBXBuildFile; fileRef = A88637CC1ACDBC7500960D84 /* LaunchScreen.xib */; };
		A88637DA1ACDBC7600960D84 /* VenueMenuTests.m in Sources */ = {isa = PBXBuildFile; fileRef = A88637D91ACDBC7600960D84 /* VenueMenuTests.m */; };
/* End PBXBuildFile section */

/* Begin PBXContainerItemProxy section */
		A88637D41ACDBC7600960D84 /* PBXContainerItemProxy */ = {
			isa = PBXContainerItemProxy;
			containerPortal = A88637B21ACDBC7500960D84 /* Project object */;
			proxyType = 1;
			remoteGlobalIDString = A88637B91ACDBC7500960D84;
			remoteInfo = VenueMenu;
		};
/* End PBXContainerItemProxy section */

/* Begin PBXFileReference section */
		A88637BA1ACDBC7500960D84 /* VenueMenu.app */ = {isa = PBXFileReference; explicitFileType = wrapper.application; includeInIndex = 0; path = VenueMenu.app; sourceTree = BUILT_PRODUCTS_DIR; };
		A88637BE1ACDBC7500960D84 /* Info.plist */ = {isa = PBXFileReference; lastKnownFileType = text.plist.xml; path = Info.plist; sourceTree = "<group>"; };
		A88637BF1ACDBC7500960D84 /* main.m */ = {isa = PBXFileReference; lastKnownFileType = sourcecode.c.objc; path = main.m; sourceTree = "<group>"; };
		A88637C11ACDBC7500960D84 /* AppDelegate.h */ = {isa = PBXFileReference; lastKnownFileType = sourcecode.c.h; path = AppDelegate.h; sourceTree = "<group>"; };
		A88637C21ACDBC7500960D84 /* AppDelegate.m */ = {isa = PBXFileReference; lastKnownFileType = sourcecode.c.objc; path = AppDelegate.m; sourceTree = "<group>"; };
		A88637C41ACDBC7500960D84 /* ViewController.h */ = {isa = PBXFileReference; lastKnownFileType = sourcecode.c.h; path = ViewController.h; sourceTree = "<group>"; };
		A88637C51ACDBC7500960D84 /* ViewController.m */ = {isa = PBXFileReference; lastKnownFileType = sourcecode.c.objc; path = ViewController.m; sourceTree = "<group>"; };
		A88637C81ACDBC7500960D84 /* Base */ = {isa = PBXFileReference; lastKnownFileType = file.storyboard; name = Base; path = Base.lproj/Main.storyboard; sourceTree = "<group>"; };
		A88637CA1ACDBC7500960D84 /* Images.xcassets */ = {isa = PBXFileReference; lastKnownFileType = folder.assetcatalog; path = Images.xcassets; sourceTree = "<group>"; };
		A88637CD1ACDBC7500960D84 /* Base */ = {isa = PBXFileReference; lastKnownFileType = file.xib; name = Base; path = Base.lproj/LaunchScreen.xib; sourceTree = "<group>"; };
		A88637D31ACDBC7600960D84 /* VenueMenuTests.xctest */ = {isa = PBXFileReference; explicitFileType = wrapper.cfbundle; includeInIndex = 0; path = VenueMenuTests.xctest; sourceTree = BUILT_PRODUCTS_DIR; };
		A88637D81ACDBC7600960D84 /* Info.plist */ = {isa = PBXFileReference; lastKnownFileType = text.plist.xml; path = Info.plist; sourceTree = "<group>"; };
		A88637D91ACDBC7600960D84 /* VenueMenuTests.m */ = {isa = PBXFileReference; lastKnownFileType = sourcecode.c.objc; path = VenueMenuTests.m; sourceTree = "<group>"; };
/* End PBXFileReference section */

/* Begin PBXFrameworksBuildPhase section */
		A88637B71ACDBC7500960D84 /* Frameworks */ = {
			isa = PBXFrameworksBuildPhase;
			buildActionMask = 2147483647;
			files = (
			);
			runOnlyForDeploymentPostprocessing = 0;
		};
		A88637D01ACDBC7600960D84 /* Frameworks */ = {
			isa = PBXFrameworksBuildPhase;
			buildActionMask = 2147483647;
			files = (
			);
			runOnlyForDeploymentPostprocessing = 0;
		};
/* End PBXFrameworksBuildPhase section */

/* Begin PBXGroup section */
		A88637B11ACDBC7500960D84 = {
			isa = PBXGroup;
			children = (
				A88637BC1ACDBC7500960D84 /* VenueMenu */,
				A88637D61ACDBC7600960D84 /* VenueMenuTests */,
				A88637BB1ACDBC7500960D84 /* Products */,
			);
			sourceTree = "<group>";
		};
		A88637BB1ACDBC7500960D84 /* Products */ = {
			isa = PBXGroup;
			children = (
				A88637BA1ACDBC7500960D84 /* VenueMenu.app */,
				A88637D31ACDBC7600960D84 /* VenueMenuTests.xctest */,
			);
			name = Products;
			sourceTree = "<group>";
		};
		A88637BC1ACDBC7500960D84 /* VenueMenu */ = {
			isa = PBXGroup;
			children = (
				A88637C11ACDBC7500960D84 /* AppDelegate.h */,
				A88637C21ACDBC7500960D84 /* AppDelegate.m */,
				A88637C41ACDBC7500960D84 /* ViewController.h */,
				A88637C51ACDBC7500960D84 /* ViewController.m */,
				A88637C71ACDBC7500960D84 /* Main.storyboard */,
				A88637CA1ACDBC7500960D84 /* Images.xcassets */,
				A88637CC1ACDBC7500960D84 /* LaunchScreen.xib */,
				A88637BD1ACDBC7500960D84 /* Supporting Files */,
			);
			path = VenueMenu;
			sourceTree = "<group>";
		};
		A88637BD1ACDBC7500960D84 /* Supporting Files */ = {
			isa = PBXGroup;
			children = (
				A88637BE1ACDBC7500960D84 /* Info.plist */,
				A88637BF1ACDBC7500960D84 /* main.m */,
			);
			name = "Supporting Files";
			sourceTree = "<group>";
		};
		A88637D61ACDBC7600960D84 /* VenueMenuTests */ = {
			isa = PBXGroup;
			children = (
				A88637D91ACDBC7600960D84 /* VenueMenuTests.m */,
				A88637D71ACDBC7600960D84 /* Supporting Files */,
			);
			path = VenueMenuTests;
			sourceTree = "<group>";
		};
		A88637D71ACDBC7600960D84 /* Supporting Files */ = {
			isa = PBXGroup;
			children = (
				A88637D81ACDBC7600960D84 /* Info.plist */,
			);
			name = "Supporting Files";
			sourceTree = "<group>";
		};
/* End PBXGroup section */

/* Begin PBXNativeTarget section */
		A88637B91ACDBC7500960D84 /* VenueMenu */ = {
			isa = PBXNativeTarget;
			buildConfigurationList = A88637DD1ACDBC7600960D84 /* Build configuration list for PBXNativeTarget "VenueMenu" */;
			buildPhases = (
				A88637B61ACDBC7500960D84 /* Sources */,
				A88637B71ACDBC7500960D84 /* Frameworks */,
				A88637B81ACDBC7500960D84 /* Resources */,
			);
			buildRules = (
			);
			dependencies = (
			);
			name = VenueMenu;
			productName = VenueMenu;
			productReference = A88637BA1ACDBC7500960D84 /* VenueMenu.app */;
			productType = "com.apple.product-type.application";
		};
		A88637D21ACDBC7600960D84 /* VenueMenuTests */ = {
			isa = PBXNativeTarget;
			buildConfigurationList = A88637E01ACDBC7600960D84 /* Build configuration list for PBXNativeTarget "VenueMenuTests" */;
			buildPhases = (
				A88637CF1ACDBC7600960D84 /* Sources */,
				A88637D01ACDBC7600960D84 /* Frameworks */,
				A88637D11ACDBC7600960D84 /* Resources */,
			);
			buildRules = (
			);
			dependencies = (
				A88637D51ACDBC7600960D84 /* PBXTargetDependency */,
			);
			name = VenueMenuTests;
			productName = VenueMenuTests;
			productReference = A88637D31ACDBC7600960D84 /* VenueMenuTests.xctest */;
			productType = "com.apple.product-type.bundle.unit-test";
		};
/* End PBXNativeTarget section */

/* Begin PBXProject section */
		A88637B21ACDBC7500960D84 /* Project object */ = {
			isa = PBXProject;
			attributes = {
				LastUpgradeCheck = 0620;
				ORGANIZATIONNAME = "The Iron Yard";
				TargetAttributes = {
					A88637B91ACDBC7500960D84 = {
						CreatedOnToolsVersion = 6.2;
					};
					A88637D21ACDBC7600960D84 = {
						CreatedOnToolsVersion = 6.2;
						TestTargetID = A88637B91ACDBC7500960D84;
					};
				};
			};
			buildConfigurationList = A88637B51ACDBC7500960D84 /* Build configuration list for PBXProject "VenueMenu" */;
			compatibilityVersion = "Xcode 3.2";
			developmentRegion = English;
			hasScannedForEncodings = 0;
			knownRegions = (
				en,
				Base,
			);
			mainGroup = A88637B11ACDBC7500960D84;
			productRefGroup = A88637BB1ACDBC7500960D84 /* Products */;
			projectDirPath = "";
			projectRoot = "";
			targets = (
				A88637B91ACDBC7500960D84 /* VenueMenu */,
				A88637D21ACDBC7600960D84 /* VenueMenuTests */,
			);
		};
/* End PBXProject section */

/* Begin PBXResourcesBuildPhase section */
		A88637B81ACDBC7500960D84 /* Resources */ = {
			isa = PBXResourcesBuildPhase;
			buildActionMask = 2147483647;
			files = (
				A88637C91ACDBC7500960D84 /* Main.storyboard in Resources */,
				A88637CE1ACDBC7500960D84 /* LaunchScreen.xib in Resources */,
				A88637CB1ACDBC7500960D84 /* Images.xcassets in Resources */,
			);
			runOnlyForDeploymentPostprocessing = 0;
		};
		A88637D11ACDBC7600960D84 /* Resources */ = {
			isa = PBXResourcesBuildPhase;
			buildActionMask = 2147483647;
			files = (
			);
			runOnlyForDeploymentPostprocessing = 0;
		};
/* End PBXResourcesBuildPhase section */

/* Begin PBXSourcesBuildPhase section */
		A88637B61ACDBC7500960D84 /* Sources */ = {
			isa = PBXSourcesBuildPhase;
			buildActionMask = 2147483647;
			files = (
				A88637C61ACDBC7500960D84 /* ViewController.m in Sources */,
				A88637C31ACDBC7500960D84 /* AppDelegate.m in Sources */,
				A88637C01ACDBC7500960D84 /* main.m in Sources */,
			);
			runOnlyForDeploymentPostprocessing = 0;
		};
		A88637CF1ACDBC7600960D84 /* Sources */ = {
			isa = PBXSourcesBuildPhase;
			buildActionMask = 2147483647;
			files = (
				A88637DA1ACDBC7600960D84 /* VenueMenuTests.m in Sources */,
			);
			runOnlyForDeploymentPostprocessing = 0;
		};
/* End PBXSourcesBuildPhase section */

/* Begin PBXTargetDependency section */
		A88637D51ACDBC7600960D84 /* PBXTargetDependency */ = {
			isa = PBXTargetDependency;
			target = A88637B91ACDBC7500960D84 /* VenueMenu */;
			targetProxy = A88637D41ACDBC7600960D84 /* PBXContainerItemProxy */;
		};
/* End PBXTargetDependency section */

/* Begin PBXVariantGroup section */
		A88637C71ACDBC7500960D84 /* Main.storyboard */ = {
			isa = PBXVariantGroup;
			children = (
				A88637C81ACDBC7500960D84 /* Base */,
			);
			name = Main.storyboard;
			sourceTree = "<group>";
		};
		A88637CC1ACDBC7500960D84 /* LaunchScreen.xib */ = {
			isa = PBXVariantGroup;
			children = (
				A88637CD1ACDBC7500960D84 /* Base */,
			);
			name = LaunchScreen.xib;
			sourceTree = "<group>";
		};
/* End PBXVariantGroup section */

/* Begin XCBuildConfiguration section */
		A88637DB1ACDBC7600960D84 /* Debug */ = {
			isa = XCBuildConfiguration;
			buildSettings = {
				ALWAYS_SEARCH_USER_PATHS = NO;
				CLANG_CXX_LANGUAGE_STANDARD = "gnu++0x";
				CLANG_CXX_LIBRARY = "libc++";
				CLANG_ENABLE_MODULES = YES;
				CLANG_ENABLE_OBJC_ARC = YES;
				CLANG_WARN_BOOL_CONVERSION = YES;
				CLANG_WARN_CONSTANT_CONVERSION = YES;
				CLANG_WARN_DIRECT_OBJC_ISA_USAGE = YES_ERROR;
				CLANG_WARN_EMPTY_BODY = YES;
				CLANG_WARN_ENUM_CONVERSION = YES;
				CLANG_WARN_INT_CONVERSION = YES;
				CLANG_WARN_OBJC_ROOT_CLASS = YES_ERROR;
				CLANG_WARN_UNREACHABLE_CODE = YES;
				CLANG_WARN__DUPLICATE_METHOD_MATCH = YES;
				"CODE_SIGN_IDENTITY[sdk=iphoneos*]" = "iPhone Developer";
				COPY_PHASE_STRIP = NO;
				ENABLE_STRICT_OBJC_MSGSEND = YES;
				GCC_C_LANGUAGE_STANDARD = gnu99;
				GCC_DYNAMIC_NO_PIC = NO;
				GCC_OPTIMIZATION_LEVEL = 0;
				GCC_PREPROCESSOR_DEFINITIONS = (
					"DEBUG=1",
					"$(inherited)",
				);
				GCC_SYMBOLS_PRIVATE_EXTERN = NO;
				GCC_WARN_64_TO_32_BIT_CONVERSION = YES;
				GCC_WARN_ABOUT_RETURN_TYPE = YES_ERROR;
				GCC_WARN_UNDECLARED_SELECTOR = YES;
				GCC_WARN_UNINITIALIZED_AUTOS = YES_AGGRESSIVE;
				GCC_WARN_UNUSED_FUNCTION = YES;
				GCC_WARN_UNUSED_VARIABLE = YES;
				IPHONEOS_DEPLOYMENT_TARGET = 8.2;
				MTL_ENABLE_DEBUG_INFO = YES;
				ONLY_ACTIVE_ARCH = YES;
				SDKROOT = iphoneos;
			};
			name = Debug;
		};
		A88637DC1ACDBC7600960D84 /* Release */ = {
			isa = XCBuildConfiguration;
			buildSettings = {
				ALWAYS_SEARCH_USER_PATHS = NO;
				CLANG_CXX_LANGUAGE_STANDARD = "gnu++0x";
				CLANG_CXX_LIBRARY = "libc++";
				CLANG_ENABLE_MODULES = YES;
				CLANG_ENABLE_OBJC_ARC = YES;
				CLANG_WARN_BOOL_CONVERSION = YES;
				CLANG_WARN_CONSTANT_CONVERSION = YES;
				CLANG_WARN_DIRECT_OBJC_ISA_USAGE = YES_ERROR;
				CLANG_WARN_EMPTY_BODY = YES;
				CLANG_WARN_ENUM_CONVERSION = YES;
				CLANG_WARN_INT_CONVERSION = YES;
				CLANG_WARN_OBJC_ROOT_CLASS = YES_ERROR;
				CLANG_WARN_UNREACHABLE_CODE = YES;
				CLANG_WARN__DUPLICATE_METHOD_MATCH = YES;
				"CODE_SIGN_IDENTITY[sdk=iphoneos*]" = "iPhone Developer";
				COPY_PHASE_STRIP = NO;
				ENABLE_NS_ASSERTIONS = NO;
				ENABLE_STRICT_OBJC_MSGSEND = YES;
				GCC_C_LANGUAGE_STANDARD = gnu99;
				GCC_WARN_64_TO_32_BIT_CONVERSION = YES;
				GCC_WARN_ABOUT_RETURN_TYPE = YES_ERROR;
				GCC_WARN_UNDECLARED_SELECTOR = YES;
				GCC_WARN_UNINITIALIZED_AUTOS = YES_AGGRESSIVE;
				GCC_WARN_UNUSED_FUNCTION = YES;
				GCC_WARN_UNUSED_VARIABLE = YES;
				IPHONEOS_DEPLOYMENT_TARGET = 8.2;
				MTL_ENABLE_DEBUG_INFO = NO;
				SDKROOT = iphoneos;
				VALIDATE_PRODUCT = YES;
			};
			name = Release;
		};
		A88637DE1ACDBC7600960D84 /* Debug */ = {
			isa = XCBuildConfiguration;
			buildSettings = {
				ASSETCATALOG_COMPILER_APPICON_NAME = AppIcon;
				INFOPLIST_FILE = VenueMenu/Info.plist;
				LD_RUNPATH_SEARCH_PATHS = "$(inherited) @executable_path/Frameworks";
				PRODUCT_NAME = "$(TARGET_NAME)";
			};
			name = Debug;
		};
		A88637DF1ACDBC7600960D84 /* Release */ = {
			isa = XCBuildConfiguration;
			buildSettings = {
				ASSETCATALOG_COMPILER_APPICON_NAME = AppIcon;
				INFOPLIST_FILE = VenueMenu/Info.plist;
				LD_RUNPATH_SEARCH_PATHS = "$(inherited) @executable_path/Frameworks";
				PRODUCT_NAME = "$(TARGET_NAME)";
			};
			name = Release;
		};
		A88637E11ACDBC7600960D84 /* Debug */ = {
			isa = XCBuildConfiguration;
			buildSettings = {
				BUNDLE_LOADER = "$(TEST_HOST)";
				FRAMEWORK_SEARCH_PATHS = (
					"$(SDKROOT)/Developer/Library/Frameworks",
					"$(inherited)",
				);
				GCC_PREPROCESSOR_DEFINITIONS = (
					"DEBUG=1",
					"$(inherited)",
				);
				INFOPLIST_FILE = VenueMenuTests/Info.plist;
				LD_RUNPATH_SEARCH_PATHS = "$(inherited) @executable_path/Frameworks @loader_path/Frameworks";
				PRODUCT_NAME = "$(TARGET_NAME)";
				TEST_HOST = "$(BUILT_PRODUCTS_DIR)/VenueMenu.app/VenueMenu";
			};
			name = Debug;
		};
		A88637E21ACDBC7600960D84 /* Release */ = {
			isa = XCBuildConfiguration;
			buildSettings = {
				BUNDLE_LOADER = "$(TEST_HOST)";
				FRAMEWORK_SEARCH_PATHS = (
					"$(SDKROOT)/Developer/Library/Frameworks",
					"$(inherited)",
				);
				INFOPLIST_FILE = VenueMenuTests/Info.plist;
				LD_RUNPATH_SEARCH_PATHS = "$(inherited) @executable_path/Frameworks @loader_path/Frameworks";
				PRODUCT_NAME = "$(TARGET_NAME)";
				TEST_HOST = "$(BUILT_PRODUCTS_DIR)/VenueMenu.app/VenueMenu";
			};
			name = Release;
		};
/* End XCBuildConfiguration section */

/* Begin XCConfigurationList section */
		A88637B51ACDBC7500960D84 /* Build configuration list for PBXProject "VenueMenu" */ = {
			isa = XCConfigurationList;
			buildConfigurations = (
				A88637DB1ACDBC7600960D84 /* Debug */,
				A88637DC1ACDBC7600960D84 /* Release */,
			);
			defaultConfigurationIsVisible = 0;
			defaultConfigurationName = Release;
		};
		A88637DD1ACDBC7600960D84 /* Build configuration list for PBXNativeTarget "VenueMenu" */ = {
			isa = XCConfigurationList;
			buildConfigurations = (
				A88637DE1ACDBC7600960D84 /* Debug */,
				A88637DF1ACDBC7600960D84 /* Release */,
			);
			defaultConfigurationIsVisible = 0;
		};
		A88637E01ACDBC7600960D84 /* Build configuration list for PBXNativeTarget "VenueMenuTests" */ = {
			isa = XCConfigurationList;
			buildConfigurations = (
				A88637E11ACDBC7600960D84 /* Debug */,
				A88637E21ACDBC7600960D84 /* Release */,
			);
			defaultConfigurationIsVisible = 0;
		};
/* End XCConfigurationList section */
	};
	rootObject = A88637B21ACDBC7500960D84 /* Project object */;
}
